cloud.google.com/go v0.26.0/go.mod h1:aQUYkXzVsufM+DwF1aE+0xfcU+56JwCaLick0ClmMTw=
github.com/BurntSushi/toml v0.3.1/go.mod h1:xHWCNGjB5oqiDr8zfno3MHue2Ht5sIBksp03qcyfWMU=
github.com/anthonynsimon/bild v0.13.0 h1:mN3tMaNds1wBWi1BrJq0ipDBhpkooYfu7ZFSMhXt1C8=
github.com/anthonynsimon/bild v0.13.0/go.mod h1:tpzzp0aYkAsMi1zmfhimaDyX1xjn2OUc1AJZK/TF0AE=
github.com/armon/consul-api v0.0.0-20180202201655-eb2c6b5be1b6/go.mod h1:grANhF5doyWs3UAsr3K4I6qtAmlQcZDesFNEHPZAzj8=
github.com/aws/aws-sdk-go-v2 v1.18.1/go.mod h1:uzbQtefpm44goOPmdKyAlXSNcwlRgF3ePWVW6EtJvvw=
github.com/aws/aws-sdk-go-v2 v1.20.0 h1:INUDpYLt4oiPOJl0XwZDK2OVAVf0Rzo+MGVTv9f+gy8=
github.com/aws/aws-sdk-go-v2 v1.20.0/go.mod h1:uWOr0m0jDsiWw8nnXiqZ+YG6LdvAlGYDLLf2NmHZoy4=
github.com/aws/aws-sdk-go-v2 v1.20.1 h1:rZBf5DWr7YGrnlTK4kgDQGn1ltqOg5orCYb/UhOFZkg=
github.com/aws/aws-sdk-go-v2 v1.20.1/go.mod h1:NU06lETsFm8fUC6ZjhgDpVBcGZTFQ6XM+LZWZxMI4ac=
github.com/aws/aws-sdk-go-v2/aws/protocol/eventstream v1.4.10 h1:dK82zF6kkPeCo8J1e+tGx4JdvDIQzj7ygIoLg8WMuGs=
github.com/aws/aws-sdk-go-v2/aws/protocol/eventstream v1.4.10/go.mod h1:VeTZetY5KRJLuD/7fkQXMU6Mw7H5m/KP2J5Iy9osMno=
github.com/aws/aws-sdk-go-v2/aws/protocol/eventstream v1.4.12 h1:lN6L3LrYHeZ6xCxaIYtoWCx4GMLk4nRknsh29OMSqHY=
github.com/aws/aws-sdk-go-v2/aws/protocol/eventstream v1.4.12/go.mod h1:TDCkEAkMTXxTs0oLBGBKpBZbk3NLh8EvAfF0Q3x8/0c=
github.com/aws/aws-sdk-go-v2/config v1.18.32 h1:tqEOvkbTxwEV7hToRcJ1xZRjcATqwDVsWbAscgRKyNI=
github.com/aws/aws-sdk-go-v2/config v1.18.32/go.mod h1:U3ZF0fQRRA4gnbn9GGvOWLoT2EzzZfAWeKwnVrm1rDc=
github.com/aws/aws-sdk-go-v2/config v1.18.33 h1:JKcw5SFxFW/rpM4mOPjv0VQ11E2kxW13F3exWOy7VZU=
github.com/aws/aws-sdk-go-v2/config v1.18.33/go.mod h1:hXO/l9pgY3K5oZJldamP0pbZHdPqqk+4/maa7DSD3cA=
github.com/aws/aws-sdk-go-v2/credentials v1.13.31 h1:vJyON3lG7R8VOErpJJBclBADiWTwzcwdkQpTKx8D2sk=
github.com/aws/aws-sdk-go-v2/credentials v1.13.31/go.mod h1:T4sESjBtY2lNxLgkIASmeP57b5j7hTQqCbqG0tWnxC4=
github.com/aws/aws-sdk-go-v2/credentials v1.13.32 h1:lIH1eKPcCY1ylR4B6PkBGRWMHO3aVenOKJHWiS4/G2w=
github.com/aws/aws-sdk-go-v2/credentials v1.13.32/go.mod h1:lL8U3v/Y79YRG69WlAho0OHIKUXCyFvSXaIvfo81sls=
github.com/aws/aws-sdk-go-v2/feature/ec2/imds v1.13.7 h1:X3H6+SU21x+76LRglk21dFRgMTJMa5QcpW+SqUf5BBg=
github.com/aws/aws-sdk-go-v2/feature/ec2/imds v1.13.7/go.mod h1:3we0V09SwcJBzNlnyovrR2wWJhWmVdqAsmVs4uronv8=
github.com/aws/aws-sdk-go-v2/feature/ec2/imds v1.13.8 h1:DK/9C+UN/X+1+Wm8pqaDksQr2tSLzq+8X1/rI/ZxKEQ=
github.com/aws/aws-sdk-go-v2/feature/ec2/imds v1.13.8/go.mod h1:ce7BgLQfYr5hQFdy67oX2svto3ufGtm6oBvmsHScI1Q=
github.com/aws/aws-sdk-go-v2/internal/configsources v1.1.34/go.mod h1:wZpTEecJe0Btj3IYnDx/VlUzor9wm3fJHyvLpQF0VwY=
github.com/aws/aws-sdk-go-v2/internal/configsources v1.1.37 h1:zr/gxAZkMcvP71ZhQOcvdm8ReLjFgIXnIn0fw5AM7mo=
github.com/aws/aws-sdk-go-v2/internal/configsources v1.1.37/go.mod h1:Pdn4j43v49Kk6+82spO3Tu5gSeQXRsxo56ePPQAvFiA=
github.com/aws/aws-sdk-go-v2/internal/configsources v1.1.38 h1:c8ed/T9T2K5I+h/JzmF5tpI46+OODQ74dzmdo+QnaMg=
github.com/aws/aws-sdk-go-v2/internal/configsources v1.1.38/go.mod h1:qggunOChCMu9ZF/UkAfhTz25+U2rLVb3ya0Ua6TTfCA=
github.com/aws/aws-sdk-go-v2/internal/endpoints/v2 v2.4.28/go.mod h1:7VRpKQQedkfIEXb4k52I7swUnZP0wohVajJMRn3vsUw=
github.com/aws/aws-sdk-go-v2/internal/endpoints/v2 v2.4.31 h1:0HCMIkAkVY9KMgueD8tf4bRTUanzEYvhw7KkPXIMpO0=
github.com/aws/aws-sdk-go-v2/internal/endpoints/v2 v2.4.31/go.mod h1:fTJDMe8LOFYtqiFFFeHA+SVMAwqLhoq0kcInYoLa9Js=
github.com/aws/aws-sdk-go-v2/internal/endpoints/v2 v2.4.32 h1:hNeAAymUY5gu11WrrmFb3CVIp9Dar9hbo44yzzcQpzA=
github.com/aws/aws-sdk-go-v2/internal/endpoints/v2 v2.4.32/go.mod h1:0ZXSqrty4FtQ7p8TEuRde/SZm9X05KT18LAUlR40Ln0=
github.com/aws/aws-sdk-go-v2/internal/ini v1.3.38 h1:+i1DOFrW3YZ3apE45tCal9+aDKK6kNEbW6Ib7e1nFxE=
github.com/aws/aws-sdk-go-v2/internal/ini v1.3.38/go.mod h1:1/jLp0OgOaWIetycOmycW+vYTYgTZFPttJQRgsI1PoU=
github.com/aws/aws-sdk-go-v2/internal/ini v1.3.39 h1:fc0ukRAiP1syoSGZYu+DaE+FulSYhTiJ8WpVu5jElU4=
github.com/aws/aws-sdk-go-v2/internal/ini v1.3.39/go.mod h1:WLAW8PT7+JhjZfLSWe7WEJaJu0GNo0cKc2Zyo003RBs=
github.com/aws/aws-sdk-go-v2/internal/v4a v1.0.26/go.mod h1:MtYiox5gvyB+OyP0Mr0Sm/yzbEAIPL9eijj/ouHAPw0=
github.com/aws/aws-sdk-go-v2/internal/v4a v1.1.0 h1:U5yySdwt2HPo/pnQec04DImLzWORbeWML1fJiLkKruI=
github.com/aws/aws-sdk-go-v2/internal/v4a v1.1.0/go.mod h1:EhC/83j8/hL/UB1WmExo3gkElaja/KlmZM/gl1rTfjM=
github.com/aws/aws-sdk-go-v2/internal/v4a v1.1.1 h1:vUh7dBFNS3oFCtVv6CiYKh5hP9ls8+kIpKLeFruIBLk=
github.com/aws/aws-sdk-go-v2/internal/v4a v1.1.1/go.mod h1:sFMeinkhj/SZKQM8BxtvNtSPjJEo0Xrz+w3g2e4FSKI=
github.com/aws/aws-sdk-go-v2/service/apigatewayv2 v1.14.1 h1:Ao291RcJfLpRlx88H7pu2QIGZDbS5eC5TZ6NW1DLnBc=
github.com/aws/aws-sdk-go-v2/service/apigatewayv2 v1.14.1/go.mod h1:LQzZU/duEK8/Wbir+QtnCSQVhWCNx63q9xoI6U52U9E=
github.com/aws/aws-sdk-go-v2/service/apigatewayv2 v1.14.2 h1:XbrnuGh0GA5tWvwX8zL0y0mYyCWPAmafIcvZTOyRTUs=
github.com/aws/aws-sdk-go-v2/service/apigatewayv2 v1.14.2/go.mod h1:zEnZnsGRp1AGkJ3w1awj8UMkO1XMrxwcRwoMr0wtuSQ=
github.com/aws/aws-sdk-go-v2/service/athena v1.31.1 h1:8MkBrx81ZMIxmq+XS2/H/dS1WEy37KUDKjMBmidUjX8=
github.com/aws/aws-sdk-go-v2/service/athena v1.31.1/go.mod h1:LbXZa0C0e+Wml6YjMDXVe8Dfxb44fCjvYW7Osijy8i8=
github.com/aws/aws-sdk-go-v2/service/athena v1.31.2 h1:GynYIx8waEe9gR9hvT5lOW9vv5nhK8ahuJ7hZ12MjiU=
github.com/aws/aws-sdk-go-v2/service/athena v1.31.2/go.mod h1:O8O7V8DElwK5fMfHatiW3FiTJFSFtTPF3xiITTlUudw=
github.com/aws/aws-sdk-go-v2/service/backup v1.23.1 h1:PInIeqGW0gAs64m8mjzGqMWlmsaHvxUrw0s8GE+Cr/I=
github.com/aws/aws-sdk-go-v2/service/backup v1.23.1/go.mod h1:wsotkB9ciZI+MBIlJxqmrueOM1dOhQ5tn710sKcv2R4=
github.com/aws/aws-sdk-go-v2/service/backup v1.24.0 h1:GoZ8qHWkIGsTCb4fugwHhQ5gswPEPPhk69RKouz8eKA=
github.com/aws/aws-sdk-go-v2/service/backup v1.24.0/go.mod h1:Jr9OoBl92+AgVsUtsZd7Rawo7aqDnQcBxPlf/jP1j9c=
github.com/aws/aws-sdk-go-v2/service/cloudformation v1.30.0 h1:XbDkc4FLeg1RfnqeblfbJvaEabqq9ByZl4zqyPFkfSc=
github.com/aws/aws-sdk-go-v2/service/cloudformation v1.30.0/go.mod h1:SwQFcCs9Rog8hSHm+81KBkAK+UKLXErA/1ChaEI8mLE=
github.com/aws/aws-sdk-go-v2/service/cloudformation v1.34.2 h1:iy063IjucfO4ZJ95IFICO4Z9sFI6Ls7Ruuke1X3v+o0=
github.com/aws/aws-sdk-go-v2/service/cloudformation v1.34.2/go.mod h1:35T7F6Oa2vt0ZM3RhoF4kIrwVjq6Zhpw4yB14ZSi8as=
github.com/aws/aws-sdk-go-v2/service/cloudfront v1.26.8 h1:loRDtQ0vT0+JCB0hQBCfv95tttEzJ1rqSaTDy5cpy0A=
github.com/aws/aws-sdk-go-v2/service/cloudfront v1.26.8/go.mod h1:YTd4wGn2beCF9wkSTpEcupk79zDFYJk2Ca76B8YyvJg=
github.com/aws/aws-sdk-go-v2/service/cloudfront v1.28.2 h1:1w4jdi9qEq2kBT0C/QSM9mgwuD3TzdZlf6eUMUg5y2M=
github.com/aws/aws-sdk-go-v2/service/cloudfront v1.28.2/go.mod h1:WqjANAGqvVrjkLEZUZVSZ3fCNRxxUdyfQamimUulfhE=
github.com/aws/aws-sdk-go-v2/service/cloudtrail v1.27.1 h1:Qw1G/M7eanpm6s/URkG1UuRLKEnRnpUvkUb7NMVvWb8=
github.com/aws/aws-sdk-go-v2/service/cloudtrail v1.27.1/go.mod h1:oKRYqorIUkfAVmX03+lpv3tW5WelDpaliqzTwmCj/k8=
github.com/aws/aws-sdk-go-v2/service/cloudtrail v1.28.2 h1:vFbEURiuzhQ0WOfCF2Vyw/f/+gfg1InGxjuJiLqHUnw=
github.com/aws/aws-sdk-go-v2/service/cloudtrail v1.28.2/go.mod h1:Ucf0WKYu0UbpP/tBISULcl88y9b/i/VYlBX2EXz4Xuw=
github.com/aws/aws-sdk-go-v2/service/cloudwatch v1.26.2 h1:PWGu2JhCb/XJlJ7SSFJq76pxk4xWsN76nZxh7TzMHx0=
github.com/aws/aws-sdk-go-v2/service/cloudwatch v1.26.2/go.mod h1:2KOZkkzMDZCo/aLzPhys06mHNkiU74u85aMJA3PLRvg=
github.com/aws/aws-sdk-go-v2/service/cloudwatch v1.27.2 h1:HbEoy5QzXicnGgGWF4moCgsbio2xytgVQcs70xD3j3w=
github.com/aws/aws-sdk-go-v2/service/cloudwatch v1.27.2/go.mod h1:Fc5ZJyxghsjGp1KqbLb2HTJjsJjSv6AXUikHUJYmCHM=
github.com/aws/aws-sdk-go-v2/service/cloudwatchlogs v1.23.1 h1:Bls6sJ8ZDh0hesZP7i3Tf4Zw9l3dsuvaoIQ9osmfkcs=
github.com/aws/aws-sdk-go-v2/service/cloudwatchlogs v1.23.1/go.mod h1:jpmUVjmVglNCXwJhYc8jj4+yLRR5g6ksW1YEo/7+v+Y=
github.com/aws/aws-sdk-go-v2/service/cloudwatchlogs v1.23.2 h1:FzF8Q0qJRhuLF3KXM1D4ahdIl+7QZib9oLKSvZEOz+8=
github.com/aws/aws-sdk-go-v2/service/cloudwatchlogs v1.23.2/go.mod h1:ihj+YT3eXh0lRMHPo5Gc2+G7LQM7SBYwo7H8Pt15P9o=
github.com/aws/aws-sdk-go-v2/service/dynamodb v1.19.11 h1:tLTGNAsazbfjfjW1k/i43kyCcyTTTTFaD93H7JbSbbs=
github.com/aws/aws-sdk-go-v2/service/dynamodb v1.19.11/go.mod h1:W1oiFegjVosgjIwb2Vv45jiCQT1ee8x85u8EyZRYLes=
github.com/aws/aws-sdk-go-v2/service/dynamodb v1.21.2 h1:fnTPQHsvBXGvD278kSOk6YUgCNWB6os/FJ+fkLZUveM=
github.com/aws/aws-sdk-go-v2/service/dynamodb v1.21.2/go.mod h1:W0x2KqEovYOIptUG6/ZY1iBG7MEOxmE8ae58gIOvHvY=
github.com/aws/aws-sdk-go-v2/service/ebs v1.16.14 h1:DosI4CvEUo6/V21pDspzYkOa2X3Zwy5XS/cbPFiqDv0=
github.com/aws/aws-sdk-go-v2/service/ebs v1.16.14/go.mod h1:yVTqVHjnrbAj6FvhTQfjNgwQbjPbDUUvA1x4IpXFmrE=
github.com/aws/aws-sdk-go-v2/service/ebs v1.18.2 h1:z/1xY820Ls/HvvIBcBZGo2PM6WnONfrjZaUn8AJ3/3E=
github.com/aws/aws-sdk-go-v2/service/ebs v1.18.2/go.mod h1:TljZEN/+k3OCvvFNajjlLgw7hEAL9VrQEeqcMXmpTWs=
github.com/aws/aws-sdk-go-v2/service/ec2 v1.102.0 h1:P4dyjm49F2kKws0FpouBC6fjVImACXKt752+CWa01lM=
github.com/aws/aws-sdk-go-v2/service/ec2 v1.102.0/go.mod h1:tIctCeX9IbzsUTKHt53SVEcgyfxV2ElxJeEB+QUbc4M=
github.com/aws/aws-sdk-go-v2/service/ec2 v1.110.1 h1:OaDeV+sdve2NV+kUheZX5bToHFmfIkflgOlZTKij0Bo=
github.com/aws/aws-sdk-go-v2/service/ec2 v1.110.1/go.mod h1:Ie0Kp61cLk223argiS+t8vO29SpbFIphzlPflIvYcv0=
github.com/aws/aws-sdk-go-v2/service/ecr v1.18.13 h1:hF7MUVNjubetjggZDtn3AmqCJzD7EUi//tSdxMYPm7U=
github.com/aws/aws-sdk-go-v2/service/ecr v1.18.13/go.mod h1:XwEFO35g0uN/SftK0asWxh8Rk6DOx37R83TmWe2tzEE=
github.com/aws/aws-sdk-go-v2/service/ecr v1.19.2 h1:w0gKerNa4omzguFtH0bkX+lXjUvwoXNdBcmWvFwd7E4=
github.com/aws/aws-sdk-go-v2/service/ecr v1.19.2/go.mod h1:jcU1u1nvnJhPCqNk9ZOJmFEkKJsbRw5oYEYHH4sfOAQ=
github.com/aws/aws-sdk-go-v2/service/ecs v1.27.4 h1:F1N0Eh5EGRRY9QpF+tMTkx8Wb59DkQWE91Xza/9dk1c=
github.com/aws/aws-sdk-go-v2/service/ecs v1.27.4/go.mod h1:0irnFofeEZwT7uTjSkNVcSQJbWRqZ9BRoxhKjt1BObM=
github.com/aws/aws-sdk-go-v2/service/ecs v1.29.3 h1:0ZSVrt1+pgYyOzud9n/itBUfUh665soMiPchjWinqfY=
github.com/aws/aws-sdk-go-v2/service/ecs v1.29.3/go.mod h1:eukPNZGjyJH0hhog9z/cgwWlc8v8T2hoFWFjewBgwbk=
github.com/aws/aws-sdk-go-v2/service/eks v1.27.14 h1:47HQVuJXgwvuoc4AT3rVdm77H0qGFbFnsuE4PRT+xX0=
github.com/aws/aws-sdk-go-v2/service/eks v1.27.14/go.mod h1:QxuWcm9rlLkW3aEV8tiDzqZewnNSNUZfnqJvo1Nv9A0=
github.com/aws/aws-sdk-go-v2/service/eks v1.29.2 h1:ZwK94/wSfjVrsp9UucUZOb3QCn6zL9Wru5KauaYQCBg=
github.com/aws/aws-sdk-go-v2/service/eks v1.29.2/go.mod h1:B7NksWEFv8tWu1ob60c1bU1oa1iCIhoQ7AtnT3dE3+8=
github.com/aws/aws-sdk-go-v2/service/elasticache v1.27.2 h1:IC9XLGcT3yEkziTlX7PX54km7cHJnltlV7Ppwq2+7ik=
github.com/aws/aws-sdk-go-v2/service/elasticache v1.27.2/go.mod h1:+oJhn/SIud310/2LLSVmlNZmExmlYPaGCLmUsnq5JZc=
github.com/aws/aws-sdk-go-v2/service/elasticache v1.29.0 h1:oUkvJ+eSiX3EbjPZ3cenRnyfGJBvCDerad1Qd2k9YeA=
github.com/aws/aws-sdk-go-v2/service/elasticache v1.29.0/go.mod h1:MqiAaUTNFjrILywM1VrvcYk3Dh7IkjO+lV8lrgfSE6c=
github.com/aws/aws-sdk-go-v2/service/elasticsearchservice v1.19.2 h1:Zam6yofBgdtP13laNoeA+DA9wlKJNooU8p3CWw6xLaI=
github.com/aws/aws-sdk-go-v2/service/elasticsearchservice v1.19.2/go.mod h1:dehjpZ00q0RJcBUOUEysaj7zHK2rHSS4ePp89MsFiaI=
github.com/aws/aws-sdk-go-v2/service/elasticsearchservice v1.20.2 h1:mpqz+9itoVCwXpxVsaBUCKfUc0rTmHZpRC6wziYRqZ4=
github.com/aws/aws-sdk-go-v2/service/elasticsearchservice v1.20.2/go.mod h1:YpjDlYEwlTgsklndeIR3CfIC5b5RJrGICXip3PVvtcw=
github.com/aws/aws-sdk-go-v2/service/eventbridge v1.20.1 h1:Urz/RESMsmBlGXyxVrdvsS6FXXP0PEeMLvbxQg5yAaw=
github.com/aws/aws-sdk-go-v2/service/eventbridge v1.20.1/go.mod h1:0x3rH45OR8DTamQmPLDBVgNa8GRILFavNS7/Z2VXCTI=
github.com/aws/aws-sdk-go-v2/service/eventbridge v1.20.2 h1:vWcaK5BK7UK39I65OH9iFastEdv0qzrO2pmISt6ZDtI=
github.com/aws/aws-sdk-go-v2/service/eventbridge v1.20.2/go.mod h1:et3im2LFKyvrNujMoRwlcQlH8JnrBB/X5kcS6+cWOXk=
github.com/aws/aws-sdk-go-v2/service/firehose v1.17.1 h1:TNRyX9yBqVXrm+rurQn723OPrWGVkZCKwUGNpr7OAtU=
github.com/aws/aws-sdk-go-v2/service/firehose v1.17.1/go.mod h1:skuJNESvgFjmHe+veVlC1Vh7SHfadLTugNsTqCVygPk=
github.com/aws/aws-sdk-go-v2/service/firehose v1.17.2 h1:PwVsX+2f/u9Ujs8Tm55UQi1O7fPZZ6rqQEXAG4ZAJZc=
github.com/aws/aws-sdk-go-v2/service/firehose v1.17.2/go.mod h1:+WIj9Kx+lDptrdHV+IFtZ8IGfyw+Otn9QGiDZnaA9Oc=
github.com/aws/aws-sdk-go-v2/service/glue v1.52.0 h1:ukSf8ZdoZ6AygsUWIjj177wLOXljxBspBaNMgvx6fRA=
github.com/aws/aws-sdk-go-v2/service/glue v1.52.0/go.mod h1:wMCE0B6l8eHb57l2DMYCGxt0rHIfcu3RvIY7SAfc+Fs=
github.com/aws/aws-sdk-go-v2/service/glue v1.60.1 h1:a1QUroUEdQ9truaxIZn83bMUxeJFs1ii97t+PRKovW8=
github.com/aws/aws-sdk-go-v2/service/glue v1.60.1/go.mod h1:rFJKWCyHpk3GaHZkZqsvxVSqB2aY5X9KDY4Xoz3ZiWo=
github.com/aws/aws-sdk-go-v2/service/iam v1.21.0 h1:8hEpu60CWlrp7iEBUFRZhgPoX6+gadaGL1sD4LoRYS0=
github.com/aws/aws-sdk-go-v2/service/iam v1.21.0/go.mod h1:aQZ8BI+reeaY7RI/QQp7TKCSUHOesTdrzzylp3CW85c=
github.com/aws/aws-sdk-go-v2/service/iam v1.22.2 h1:DPFxx/6Zwes/MiadlDteVqDKov7yQ5v9vuwfhZuJm1s=
github.com/aws/aws-sdk-go-v2/service/iam v1.22.2/go.mod h1:cQTMNdo/Z5t1DDRsUnx0a2j6cPnytMBidUYZw2zks28=
github.com/aws/aws-sdk-go-v2/service/internal/accept-encoding v1.9.11 h1:y2+VQzC6Zh2ojtV2LoC0MNwHWc6qXv/j2vrQtlftkdA=
github.com/aws/aws-sdk-go-v2/service/internal/accept-encoding v1.9.11/go.mod h1:iV4q2hsqtNECrfmlXyord9u4zyuFEJX9eLgLpSPzWA8=
github.com/aws/aws-sdk-go-v2/service/internal/accept-encoding v1.9.13 h1:iV/W5OMBys+66OeXJi/7xIRrKZNsu0ylsLGu+6nbmQE=
github.com/aws/aws-sdk-go-v2/service/internal/accept-encoding v1.9.13/go.mod h1:ReJb6xYmtGyu9KoFtRreWegbN9dZqvZIIv4vWnhcsyI=
github.com/aws/aws-sdk-go-v2/service/internal/checksum v1.1.29 h1:zZSLP3v3riMOP14H7b4XP0uyfREDQOYv2cqIrvTXDNQ=
github.com/aws/aws-sdk-go-v2/service/internal/checksum v1.1.29/go.mod h1:z7EjRjVwZ6pWcWdI2H64dKttvzaP99jRIj5hphW0M5U=
github.com/aws/aws-sdk-go-v2/service/internal/checksum v1.1.33 h1:QviNkc+vGSuEHx8P+pVNKOdWLXBPIwMFv7p0fphgE4U=
github.com/aws/aws-sdk-go-v2/service/internal/checksum v1.1.33/go.mod h1:fABTUmOrAgAalG2i9WJpjBvlnk7UK8YmnYaxN+Q2CwE=
github.com/aws/aws-sdk-go-v2/service/internal/endpoint-discovery v1.7.28 h1:/D994rtMQd1jQ2OY+7tvUlMlrv1L1c7Xtma/FhkbVtY=
github.com/aws/aws-sdk-go-v2/service/internal/endpoint-discovery v1.7.28/go.mod h1:3bJI2pLY3ilrqO5EclusI1GbjFJh1iXYrhOItf2sjKw=
github.com/aws/aws-sdk-go-v2/service/internal/endpoint-discovery v1.7.32 h1:ltFklFRb78MNetqtmqZ/6Tc6i76QRMXxDe0LXYl/jd8=
github.com/aws/aws-sdk-go-v2/service/internal/endpoint-discovery v1.7.32/go.mod h1:jBlPRKTAedLFuhO71Wm5dgN9x+/pJ6TtwfQmq7RLvNk=
github.com/aws/aws-sdk-go-v2/service/internal/presigned-url v1.9.28/go.mod h1:jj7znCIg05jXlaGBlFMGP8+7UN3VtCkRBG2spnmRQkU=
github.com/aws/aws-sdk-go-v2/service/internal/presigned-url v1.9.31 h1:auGDJ0aLZahF5SPvkJ6WcUuX7iQ7kyl2MamV7Tm8QBk=
github.com/aws/aws-sdk-go-v2/service/internal/presigned-url v1.9.31/go.mod h1:3+lloe3sZuBQw1aBc5MyndvodzQlyqCZ7x1QPDHaWP4=
github.com/aws/aws-sdk-go-v2/service/internal/presigned-url v1.9.32 h1:dGAseBFEYxth10V23b5e2mAS+tX7oVbfYHD6dnDdAsg=
github.com/aws/aws-sdk-go-v2/service/internal/presigned-url v1.9.32/go.mod h1:4jwAWKEkCR0anWk5+1RbfSg1R5Gzld7NLiuaq5bTR/Y=
github.com/aws/aws-sdk-go-v2/service/internal/s3shared v1.14.3 h1:dBL3StFxHtpBzJJ/mNEsjXVgfO+7jR0dAIEwLqMapEA=
github.com/aws/aws-sdk-go-v2/service/internal/s3shared v1.14.3/go.mod h1:f1QyiAsvIv4B49DmCqrhlXqyaR+0IxMmyX+1P+AnzOM=
github.com/aws/aws-sdk-go-v2/service/internal/s3shared v1.15.1 h1:PT6PBCycRwhpEW5hJnRiceCeoWJ+r3bdgXtV+VKG7Pk=
github.com/aws/aws-sdk-go-v2/service/internal/s3shared v1.15.1/go.mod h1:TqoxCLwT2nrxrBGA+z7t6OWM7LBkgRckK3gOjYE+7JA=
github.com/aws/aws-sdk-go-v2/service/kinesis v1.17.14 h1:oSw0SQN9cKeYvCUYfPul7bH11b8E9I9BnoVUme3iSaU=
github.com/aws/aws-sdk-go-v2/service/kinesis v1.17.14/go.mod h1:omXkSCk1T1difhE8wVaecXNeerY6jmpFFu49ngjEDQk=
github.com/aws/aws-sdk-go-v2/service/kinesis v1.18.2 h1:PkQN8Fl89d97R4JfmLozCX3RyJq4r9XMurIqpW59gRM=
github.com/aws/aws-sdk-go-v2/service/kinesis v1.18.2/go.mod h1:7YAKee7SYksF6IAwXXuZ7bp4EIUBRJDysKZneqtspPM=
github.com/aws/aws-sdk-go-v2/service/kms v1.22.2 h1:jwmtdM1/l1DRNy5jQrrYpsQm8zwetkgeqhAqefDr1yI=
github.com/aws/aws-sdk-go-v2/service/kms v1.22.2/go.mod h1:aNfh11Smy55o65PB3MyKbkM8BFyFUcZmj1k+4g8eNfg=
github.com/aws/aws-sdk-go-v2/service/kms v1.24.2 h1:I2ximKQ1xcMEOP1a4Dy2g/lCgqOTpHG/0Fpx2luA6QE=
github.com/aws/aws-sdk-go-v2/service/kms v1.24.2/go.mod h1:RwNGVcn98yGMXThTfLwa/+COSUXJ1opCiIETNxP4GNc=
github.com/aws/aws-sdk-go-v2/service/lambda v1.37.0 h1:xzyM5ZR9kZW0/Bkw5EiihOy6B+BYclp5K+yb6OHjc7s=
github.com/aws/aws-sdk-go-v2/service/lambda v1.37.0/go.mod h1:Q8zQi5nZpjUF/H55dKEpKfEvFWJkgZzjjqvDb2AR5b4=
github.com/aws/aws-sdk-go-v2/service/lambda v1.39.2 h1:LMKc3k1+bvr4xUEPrw11U/fZpJDoCZut7b+QC8OuDtY=
github.com/aws/aws-sdk-go-v2/service/lambda v1.39.2/go.mod h1:gDCQ1weogYZfHYZIVppDYgGS57zQALJiDL+9yGAts58=
github.com/aws/aws-sdk-go-v2/service/ram v1.20.1 h1:gqvWjF6a3SKm2C5poUw17kjoU+e53gj1hUNfDxgFMFk=
github.com/aws/aws-sdk-go-v2/service/ram v1.20.1/go.mod h1:aHBkZHOPhvJKS60XOn+4mR8+mnVIdYNVCnNG+1thmDQ=
github.com/aws/aws-sdk-go-v2/service/ram v1.20.2 h1:msvh9DzPVceVNI/fa0oKW8d+879hQ6/WfX3doxTQJPs=
github.com/aws/aws-sdk-go-v2/service/ram v1.20.2/go.mod h1:iS5wRoDoE5gjfM817NtdZKqHPA5/xAHk/6GaRspN9KM=
github.com/aws/aws-sdk-go-v2/service/rds v1.46.0 h1:uv2LAciZRd5lEXzJo2u92tdZh/JxcVL7YLC51D4NLG4=
github.com/aws/aws-sdk-go-v2/service/rds v1.46.0/go.mod h1:goBDR4OPrsnKpYyU0GHGcEnlTmL8O+eKGsWeyOAFJ5M=
github.com/aws/aws-sdk-go-v2/service/rds v1.50.1 h1:qA97x6Cll56tY+PGze+jrGGjlT+gfEyUYwZPp53jWsA=
github.com/aws/aws-sdk-go-v2/service/rds v1.50.1/go.mod h1:BGX+tX+bZJX0FNVc0mhNbXOg0AsUzHXmn40IAhCxwxo=
github.com/aws/aws-sdk-go-v2/service/redshift v1.29.1 h1:YpQtmIjDgo9LGAXUrSYvk+tkFAWz0TPQaKzFx2uTknE=
github.com/aws/aws-sdk-go-v2/service/redshift v1.29.1/go.mod h1:+XzQ8/bykQ59khvloyWASkfrvEZlL5pXv4s/I29sK20=
github.com/aws/aws-sdk-go-v2/service/redshift v1.29.2 h1:r/L9S/MVFahhH3bfvC1S4wdh28wu/sdx0kf4hTahigo=
github.com/aws/aws-sdk-go-v2/service/redshift v1.29.2/go.mod h1:JgQccMQrqU3r4LanBLTB2NHQqVCeTQU6Z5mVqAt8rmA=
github.com/aws/aws-sdk-go-v2/service/route53 v1.28.3 h1:nJbE4+tHd8xpM1RB1ZF0/xTJnFd/ATz42ZC35lwXx0w=
github.com/aws/aws-sdk-go-v2/service/route53 v1.28.3/go.mod h1:Cd4MnFoV+6fELBrgWXJ4Y09FrSkn/VjNPkOr1Yr1muU=
github.com/aws/aws-sdk-go-v2/service/route53 v1.29.2 h1:6rbDtLVUDUBMCciu5ipjwGpGq1roAFXCVhliS2S+SAE=
github.com/aws/aws-sdk-go-v2/service/route53 v1.29.2/go.mod h1:rsvxuoKwhm9C5yWTqQ2zYtlb/aSkM+StNs/jcy93QQw=
github.com/aws/aws-sdk-go-v2/service/s3 v1.36.0 h1:lEmQ1XSD9qLk+NZXbgvLJI/IiTz7OIR2TYUTFH25EI4=
github.com/aws/aws-sdk-go-v2/service/s3 v1.36.0/go.mod h1:aVbf0sko/TsLWHx30c/uVu7c62+0EAJ3vbxaJga0xCw=
github.com/aws/aws-sdk-go-v2/service/s3 v1.38.2 h1:v346f1h8sUBKXnEbrv43L37MTBlFHyKXQPIZHNAaghA=
github.com/aws/aws-sdk-go-v2/service/s3 v1.38.2/go.mod h1:cwCATiyNrXK9P2FsWdZ89g9mpsYv2rhk0UA/KByl5fY=
github.com/aws/aws-sdk-go-v2/service/secretsmanager v1.20.1 h1:AD8gRAXAXDU9+XTm0Q3D+NBsMCX4TlpN/qnNYbbQLO4=
github.com/aws/aws-sdk-go-v2/service/secretsmanager v1.20.1/go.mod h1:aFRHxQ3V4bs/uVQYpg8Wm6szKWuB2KnraKcIGp5JS/I=
github.com/aws/aws-sdk-go-v2/service/secretsmanager v1.20.2 h1:vlkGQk8JiUo1KmZF4wsZP3qclbyQHSUvLMf8aPOS79g=
github.com/aws/aws-sdk-go-v2/service/secretsmanager v1.20.2/go.mod h1:Z6Oq1mXqvgwmUxvMrV/jMkQhwm06A9XO015dzGnS8TM=
github.com/aws/aws-sdk-go-v2/service/sesv2 v1.19.1 h1:y8ualImdZOkNI6AqPmvfih/P48stahHT67WrCxIWaVw=
github.com/aws/aws-sdk-go-v2/service/sesv2 v1.19.1/go.mod h1:KzlLHSb7sbCAQbvG5PL6YL/uERAo077R/ayyZnYmfC4=
github.com/aws/aws-sdk-go-v2/service/sesv2 v1.19.2 h1:JnvvVE8nEdad4a53NVTNcGDG9PdosPYew3CUml3NFO8=
github.com/aws/aws-sdk-go-v2/service/sesv2 v1.19.2/go.mod h1:7mN53uJb/nduR3DKUJqBwrgOzRKCUg3o0eVhEMMUDEM=
github.com/aws/aws-sdk-go-v2/service/sfn v1.18.0 h1:1AIwJvCywFO4nGtHj7ZtKb9mhLpB5hToyjtE5OO6o/I=
github.com/aws/aws-sdk-go-v2/service/sfn v1.18.0/go.mod h1:41VgIwo6R/QE8DnFZ4RrP+f2w9xTzB77h3NRu/BzXyE=
github.com/aws/aws-sdk-go-v2/service/sfn v1.19.2 h1:7Xq6m/2iZY6buub3svzc0sQWEeCBIezo3FVt4Ykpvig=
github.com/aws/aws-sdk-go-v2/service/sfn v1.19.2/go.mod h1:BwS9j7V/IM0DL/W7OjI9p5kq3uI2Fb6kR/TqozTolcE=
github.com/aws/aws-sdk-go-v2/service/sns v1.20.13 h1:+ADGcDhddHTKyu6Qp3oZKootryteS7D3ODo2ZPDBgjQ=
github.com/aws/aws-sdk-go-v2/service/sns v1.20.13/go.mod h1:rWrvp9i8y/lX94lS7Kn/0iu9RY6vXzeKRqS/knVX8/c=
github.com/aws/aws-sdk-go-v2/service/sns v1.21.2 h1:EKDHxwVkKPHTwhadoKgvbrb0sximtwvajWYcDpVH2Ko=
github.com/aws/aws-sdk-go-v2/service/sns v1.21.2/go.mod h1:c1786ILwk9w30atFO839+9bPNoUvmez9+7FRTFG5Fw0=
github.com/aws/aws-sdk-go-v2/service/sqs v1.23.2 h1:Y2vfLiY3HmaMisuwx6fS2kMRYbajRXXB+9vesGVPseY=
github.com/aws/aws-sdk-go-v2/service/sqs v1.23.2/go.mod h1:TaV67b6JMD1988x/uMDop/JnMFK6v5d4Ru+sDmFg+ww=
github.com/aws/aws-sdk-go-v2/service/sqs v1.24.2 h1:mRbGHR2/S9wjls8OD6g4zF1J0JUcui/FotBs22o6QSs=
github.com/aws/aws-sdk-go-v2/service/sqs v1.24.2/go.mod h1:2+yg5O3TviobArqBHo8OCvEcIvzxlR1SgJkBbojWip8=
github.com/aws/aws-sdk-go-v2/service/sso v1.13.1 h1:DSNpSbfEgFXRV+IfEcKE5kTbqxm+MeF5WgyeRlsLnHY=
github.com/aws/aws-sdk-go-v2/service/sso v1.13.1/go.mod h1:TC9BubuFMVScIU+TLKamO6VZiYTkYoEHqlSQwAe2omw=
github.com/aws/aws-sdk-go-v2/service/sso v1.13.2 h1:A2RlEMo4SJSwbNoUUgkxTAEMduAy/8wG3eB2b2lP4gY=
github.com/aws/aws-sdk-go-v2/service/sso v1.13.2/go.mod h1:ju+nNXUunfIFamXUIZQiICjnO/TPlOmWcYhZcSy7xaE=
github.com/aws/aws-sdk-go-v2/service/ssooidc v1.15.1 h1:hd0SKLMdOL/Sl6Z0np1PX9LeH2gqNtBe0MhTedA8MGI=
github.com/aws/aws-sdk-go-v2/service/ssooidc v1.15.1/go.mod h1:XO/VcyoQ8nKyKfFW/3DMsRQXsfh/052tHTWmg3xBXRg=
github.com/aws/aws-sdk-go-v2/service/ssooidc v1.15.2 h1:OJELEgyaT2kmaBGZ+myyZbTTLobfe3ox3FSh5eYK9Qs=
github.com/aws/aws-sdk-go-v2/service/ssooidc v1.15.2/go.mod h1:ubDBBaDFs1GHijSOTi8ljppML15GLG0HxhILtbjNNYQ=
github.com/aws/aws-sdk-go-v2/service/sts v1.21.1 h1:pAOJj+80tC8sPVgSDHzMYD6KLWsaLQ1kZw31PTeORbs=
github.com/aws/aws-sdk-go-v2/service/sts v1.21.1/go.mod h1:G8SbvL0rFk4WOJroU8tKBczhsbhj2p/YY7qeJezJ3CI=
github.com/aws/aws-sdk-go-v2/service/sts v1.21.2 h1:ympg1+Lnq33XLhcK/xTG4yZHPs1Oyxu+6DEWbl7qOzA=
github.com/aws/aws-sdk-go-v2/service/sts v1.21.2/go.mod h1:FQ/DQcOfESELfJi5ED+IPPAjI5xC6nxtSolVVB773jM=
github.com/aws/aws-sdk-go-v2/service/wafv2 v1.35.1 h1:FtzLuTf9HPECIcKdBMtA16ZwZWOIj/r57Z3QuWuYfqc=
github.com/aws/aws-sdk-go-v2/service/wafv2 v1.35.1/go.mod h1:RBpb9oTsEgAUfyaTAT2hFC83DxtLxj+SQpcbhaXiHnU=
github.com/aws/aws-sdk-go-v2/service/wafv2 v1.37.2 h1:jse39pcW2eMCia6N/FM4Fw4xmcs4DyBZyMCXdmYKCm0=
github.com/aws/aws-sdk-go-v2/service/wafv2 v1.37.2/go.mod h1:LUebaFyDKn7YPQK5gmNdUnFLQXjtwlRLbCP2i7ZhksI=
github.com/aws/aws-sdk-go-v2/service/xray v1.17.1 h1:ojYAEP8btgys248HjBQieLnop+Ol080uESUOExo4zp0=
github.com/aws/aws-sdk-go-v2/service/xray v1.17.1/go.mod h1:U5oMIrUquLt4Y7WMkBUzEp+fWpuTvhlTuHhypjXB/l8=
github.com/aws/aws-sdk-go-v2/service/xray v1.17.2 h1:BB1d0Ks0A5kZ5MV95hTCTb1aT4mQuRAAZRKmLIyt7Sc=
github.com/aws/aws-sdk-go-v2/service/xray v1.17.2/go.mod h1:qoFtH71DA2SLQRut7AHe7fWA27+nIbHg5Kg7bawt9Pk=
github.com/aws/smithy-go v1.13.5/go.mod h1:Tg+OJXh4MB2R/uN61Ko2f6hTZwB/ZYGOtib8J3gBHzA=
github.com/aws/smithy-go v1.14.0 h1:+X90sB94fizKjDmwb4vyl2cTTPXTE5E2G/1mjByb0io=
github.com/aws/smithy-go v1.14.0/go.mod h1:Tg+OJXh4MB2R/uN61Ko2f6hTZwB/ZYGOtib8J3gBHzA=
github.com/aws/smithy-go v1.14.1 h1:EFKMUmH/iHMqLiwoEDx2rRjRQpI1YCn5jTysoaDujFs=
github.com/aws/smithy-go v1.14.1/go.mod h1:Tg+OJXh4MB2R/uN61Ko2f6hTZwB/ZYGOtib8J3gBHzA=
github.com/bmatcuk/doublestar/v4 v4.6.0 h1:HTuxyug8GyFbRkrffIpzNCSK4luc0TY3wzXvzIZhEXc=
github.com/bmatcuk/doublestar/v4 v4.6.0/go.mod h1:xBQ8jztBU6kakFMg+8WGxn0c6z1fTSPVIjEY1Wr7jzc=
github.com/census-instrumentation/opencensus-proto v0.2.1/go.mod h1:f6KPmirojxKA12rnyqOA5BBL4O983OfeGPqjHWSTneU=
github.com/chzyer/logex v1.1.10/go.mod h1:+Ywpsq7O8HXn0nuIou7OrIPyXbp3wmkHB+jjWRnGsAI=
github.com/chzyer/readline v0.0.0-20180603132655-2972be24d48e/go.mod h1:nSuG5e5PlCu98SY8svDHJxuZscDgtXS6KTTbou5AhLI=
github.com/chzyer/test v0.0.0-20180213035817-a1ea475d72b1/go.mod h1:Q3SI9o4m/ZMnBNeIyt5eFwwo7qiLfzFZmjNmxjkiQlU=
github.com/client9/misspell v0.3.4/go.mod h1:qj6jICC3Q7zFZvVWo7KLAzC3yx5G7kyvSDkc90ppPyw=
github.com/coreos/etcd v3.3.10+incompatible/go.mod h1:uF7uidLiAD3TWHmW31ZFd/JWoc32PjwdhPthX9715RE=
github.com/coreos/go-etcd v2.0.0+incompatible/go.mod h1:Jez6KQU2B/sWsbdaef3ED8NzMklzPG4d5KIOhIy30Tk=
github.com/coreos/go-semver v0.2.0/go.mod h1:nnelYz7RCh+5ahJtPPxZlU+153eP4D4r3EedlOD2RNk=
github.com/cpuguy83/go-md2man v1.0.10/go.mod h1:SmD6nW6nTyfqj6ABTjUi3V3JVMnlJmwcJI5acqYI6dE=
github.com/davecgh/go-spew v1.1.0/go.mod h1:J7Y8YcW2NihsgmVo/mv3lAwl/skON4iLHjSsI+c5H38=
github.com/davecgh/go-spew v1.1.1 h1:vj9j/u1bqnvCEfJOwUhtlOARqs3+rkHYY13jYWTU97c=
github.com/davecgh/go-spew v1.1.1/go.mod h1:J7Y8YcW2NihsgmVo/mv3lAwl/skON4iLHjSsI+c5H38=
github.com/envoyproxy/go-control-plane v0.9.1-0.20191026205805-5f8ba28d4473/go.mod h1:YTl/9mNaCwkRvm6d1a2C3ymFceY/DCBVvsKhRF0iEA4=
github.com/envoyproxy/protoc-gen-validate v0.1.0/go.mod h1:iSmxcyjqTsJpI2R4NaDN7+kN2VEUnK/pcBlmesArF7c=
github.com/fatih/color v1.15.0 h1:kOqh6YHBtK8aywxGerMG2Eq3H6Qgoqeo13Bk2Mv/nBs=
github.com/fatih/color v1.15.0/go.mod h1:0h5ZqXfHYED7Bhv2ZJamyIOUej9KtShiJESRwBDUSsw=
github.com/fsnotify/fsnotify v1.4.7/go.mod h1:jwhsz4b93w/PPRr/qN1Yymfu8t87LnFCMoQvtojpjFo=
github.com/gofrs/uuid v4.4.0+incompatible h1:3qXRTX8/NbyulANqlc0lchS1gqAVxRgsuW1YrTJupqA=
github.com/gofrs/uuid v4.4.0+incompatible/go.mod h1:b2aQJv3Z4Fp6yNu3cdSllBxTCLRxnplIgP/c0N/04lM=
github.com/golang/glog v0.0.0-20160126235308-23def4e6c14b/go.mod h1:SBH7ygxi8pfUlaOkMMuAQtPIUF8ecWP5IEl/CR7VP2Q=
github.com/golang/mock v1.1.1/go.mod h1:oTYuIxOrZwtPieC+H1uAHpcLFnEyAGVDL/k47Jfbm0A=
github.com/golang/protobuf v1.2.0/go.mod h1:6lQm79b+lXiMfvg/cZm0SGofjICqVBUtrP5yJMmIC1U=
github.com/golang/protobuf v1.3.2/go.mod h1:6lQm79b+lXiMfvg/cZm0SGofjICqVBUtrP5yJMmIC1U=
github.com/golang/protobuf v1.4.0-rc.1/go.mod h1:ceaxUfeHdC40wWswd/P6IGgMaK3YpKi5j83Wpe3EHw8=
github.com/golang/protobuf v1.4.0-rc.1.0.20200221234624-67d41d38c208/go.mod h1:xKAWHe0F5eneWXFV3EuXVDTCmh+JuBKY0li0aMyXATA=
github.com/golang/protobuf v1.4.0-rc.2/go.mod h1:LlEzMj4AhA7rCAGe4KMBDvJI+AwstrUpVNzEA03Pprs=
github.com/golang/protobuf v1.4.0-rc.4.0.20200313231945-b860323f09d0/go.mod h1:WU3c8KckQ9AFe+yFwt9sWVRKCVIyN9cPHBJSNnbL67w=
github.com/golang/protobuf v1.4.0/go.mod h1:jodUvKwWbYaEsadDk5Fwe5c77LiNKVO9IDvqG2KuDX0=
github.com/golang/protobuf v1.4.1/go.mod h1:U8fpvMrcmy5pZrNK1lt4xCsGvpyWQ/VVv6QDs8UjoX8=
github.com/google/go-cmp v0.2.0/go.mod h1:oXzfMopK8JAjlY9xF4vHSVASa0yLyX7SntLO5aqRK0M=
github.com/google/go-cmp v0.3.0/go.mod h1:8QqcDgzrUqlUb/G2PQTWiueGozuR1884gddMywk6iLU=
github.com/google/go-cmp v0.3.1/go.mod h1:8QqcDgzrUqlUb/G2PQTWiueGozuR1884gddMywk6iLU=
github.com/google/go-cmp v0.4.0/go.mod h1:v8dTdLbMG2kIc/vJvl+f65V22dbkXbowE6jgT/gNBxE=
github.com/google/go-cmp v0.5.0/go.mod h1:v8dTdLbMG2kIc/vJvl+f65V22dbkXbowE6jgT/gNBxE=
github.com/google/go-cmp v0.5.1/go.mod h1:v8dTdLbMG2kIc/vJvl+f65V22dbkXbowE6jgT/gNBxE=
github.com/google/go-cmp v0.5.8 h1:e6P7q2lk1O+qJJb4BtCQXlK8vWEO8V1ZeuEdJNOqZyg=
github.com/google/go-cmp v0.5.8/go.mod h1:17dUlkBOakJ0+DkrSSNjCkIjxS6bF9zb3elmeNGIjoY=
github.com/hashicorp/errwrap v1.0.0 h1:hLrqtEDnRye3+sgx6z4qVLNuviH3MR5aQ0ykNJa/UYA=
github.com/hashicorp/errwrap v1.0.0/go.mod h1:YH+1FKiLXxHSkmPseP+kNlulaMuP3n2brvKWEqk/Jc4=
github.com/hashicorp/errwrap v1.1.0 h1:OxrOeh75EUXMY8TBjag2fzXGZ40LB6IKw45YeGUDY2I=
github.com/hashicorp/errwrap v1.1.0/go.mod h1:YH+1FKiLXxHSkmPseP+kNlulaMuP3n2brvKWEqk/Jc4=
github.com/hashicorp/go-multierror v1.1.1 h1:H5DkEtf6CXdFp0N0Em5UCwQpXMWke8IA0+lD48awMYo=
github.com/hashicorp/go-multierror v1.1.1/go.mod h1:iw975J/qwKPdAO1clOe2L8331t/9/fmwbPZ6JB6eMoM=
github.com/hashicorp/hcl v1.0.0/go.mod h1:E5yfLk+7swimpb2L/Alb/PJmXilQ/rhwaUYs4T20WEQ=
github.com/inconshreveable/mousetrap v1.0.0/go.mod h1:PxqpIevigyE2G7u3NXJIT2ANytuPF1OarO4DADm73n8=
github.com/jackc/pgpassfile v1.0.0 h1:/6Hmqy13Ss2zCq62VdNG8tM1wchn8zjSGOBJ6icpsIM=
github.com/jackc/pgpassfile v1.0.0/go.mod h1:CEx0iS5ambNFdcRtxPj5JhEz+xB6uRky5eyVu/W2HEg=
github.com/jackc/pgservicefile v0.0.0-20221227161230-091c0ba34f0a h1:bbPeKD0xmW/Y25WS6cokEszi5g+S0QxI/d45PkRi7Nk=
github.com/jackc/pgservicefile v0.0.0-20221227161230-091c0ba34f0a/go.mod h1:5TJZWKEWniPve33vlWYSoGYefn3gLQRzjfDlhSJ9ZKM=
github.com/jackc/pgx/v5 v5.4.1 h1:oKfB/FhuVtit1bBM3zNRRsZ925ZkMN3HXL+LgLUM9lE=
github.com/jackc/pgx/v5 v5.4.1/go.mod h1:q6iHT8uDNXWiFNOlRqJzBTaSH3+2xCXkokxHZC5qWFY=
github.com/jackc/pgx/v5 v5.4.3 h1:cxFyXhxlvAifxnkKKdlxv8XqUf59tDlYjnV5YYfsJJY=
github.com/jackc/pgx/v5 v5.4.3/go.mod h1:Ig06C2Vu0t5qXC60W8sqIthScaEnFvojjj9dSljmHRA=
github.com/jmespath/go-jmespath v0.4.0 h1:BEgLn5cpjn8UN1mAw4NjwDrS35OdebyEtFe+9YPoQUg=
github.com/jmespath/go-jmespath v0.4.0/go.mod h1:T8mJZnbsbmF+m6zOOFylbeCJqk5+pHWvzYPziyZiYoo=
github.com/jmespath/go-jmespath/internal/testify v1.5.1 h1:shLQSRRSCCPj3f2gpwzGwWFoC7ycTf1rcQZHOlsJ6N8=
github.com/jmespath/go-jmespath/internal/testify v1.5.1/go.mod h1:L3OGu8Wl2/fWfCI6z80xFu9LTZmf1ZRjMHUOPmWr69U=
github.com/magiconair/properties v1.8.0/go.mod h1:PppfXfuXeibc/6YijjN8zIbojt8czPbwD3XqdrwzmxQ=
github.com/mattn/go-colorable v0.1.13 h1:fFA4WZxdEF4tXPZVKMLwD8oUnCTTo08duU7wxecdEvA=
github.com/mattn/go-colorable v0.1.13/go.mod h1:7S9/ev0klgBDR4GtXTXX8a3vIGJpMovkB8vQcUbaXHg=
github.com/mattn/go-isatty v0.0.16/go.mod h1:kYGgaQfpe5nmfYZH+SKPsOc2e4SrIfOl2e/yFXSvRLM=
github.com/mattn/go-isatty v0.0.17 h1:BTarxUcIeDqL27Mc+vyvdWYSL28zpIhv3RoTdsLMPng=
github.com/mattn/go-isatty v0.0.17/go.mod h1:kYGgaQfpe5nmfYZH+SKPsOc2e4SrIfOl2e/yFXSvRLM=
github.com/mitchellh/go-homedir v1.1.0/go.mod h1:SfyaCUpYCn1Vlf4IUYiD9fPX4A5wJrkLzIz1N1q0pr0=
github.com/mitchellh/mapstructure v1.1.2/go.mod h1:FVVH3fgwuzCH5S8UJGiWEs2h04kUh9fWfEaFds41c1Y=
github.com/pelletier/go-toml v1.2.0/go.mod h1:5z9KED0ma1S8pY6P1sdut58dfprrGBbd/94hg7ilaic=
github.com/pmezard/go-difflib v1.0.0 h1:4DBwDE0NGyQoBHbLQYPwSUPoCMWR5BEzIk/f1lZbAQM=
github.com/pmezard/go-difflib v1.0.0/go.mod h1:iKH77koFhYxTK1pcRnkKkqfTogsbg7gZNVY4sRDYZ/4=
github.com/prometheus/client_model v0.0.0-20190812154241-14fe0d1b01d4/go.mod h1:xMI15A0UPsDsEKsMN9yxemIoYk6Tm2C1GtYGdfGttqA=
github.com/risor-io/risor v0.11.0 h1:/yOJbNu58JEUnBFJ6unx31xsFGw1Ppc587xv8jYcArA=
github.com/risor-io/risor v0.11.0/go.mod h1:i3bBvMUcwDf4MM9nUvyiqh8oftbIu0vxPoz1tRPoTMA=
github.com/risor-io/risor v0.12.1-0.20230810001823-0f4ce6187bba h1:bjWo2lHmMX4bdCb9EUMaIvkw0QXkPTrkEa63B410BnY=
github.com/risor-io/risor v0.12.1-0.20230810001823-0f4ce6187bba/go.mod h1:i3bBvMUcwDf4MM9nUvyiqh8oftbIu0vxPoz1tRPoTMA=
github.com/russross/blackfriday v1.5.2/go.mod h1:JO/DiYxRf+HjHt06OyowR9PTA263kcR/rfWxYHBV53g=
github.com/spf13/afero v1.1.2/go.mod h1:j4pytiNVoe2o6bmDsKpLACNPDBIoEAkihy7loJ1B0CQ=
github.com/spf13/cast v1.3.0/go.mod h1:Qx5cxh0v+4UWYiBimWS+eyWzqEqokIECu5etghLkUJE=
github.com/spf13/cobra v0.0.5/go.mod h1:3K3wKZymM7VvHMDS9+Akkh4K60UwM26emMESw8tLCHU=
github.com/spf13/jwalterweatherman v1.0.0/go.mod h1:cQK4TGJAtQXfYWX+Ddv3mKDzgVb68N+wFjFa4jdeBTo=
github.com/spf13/pflag v1.0.3/go.mod h1:DYY7MBk1bdzusC3SYhjObp+wFpr4gzcvqqNjLnInEg4=
github.com/spf13/viper v1.3.2/go.mod h1:ZiWeW+zYFKm7srdB9IoDzzZXaJaI5eL9QjNiN/DMA2s=
github.com/stretchr/objx v0.1.0/go.mod h1:HFkY916IF+rwdDfMAkV7OtwuqBVzrE8GR6GFx+wExME=
github.com/stretchr/testify v1.2.2/go.mod h1:a8OnRcib4nhh0OaRAV+Yts87kKdq0PP7pXfy6kDkUVs=
github.com/stretchr/testify v1.3.0/go.mod h1:M5WIy9Dh21IEIfnGCwXGc5bZfKNJtfHm1UVUgZn+9EI=
github.com/stretchr/testify v1.7.0/go.mod h1:6Fq8oRcR53rry900zMqJjRRixrwX3KX962/h/Wwjteg=
github.com/stretchr/testify v1.8.3 h1:RP3t2pwF7cMEbC1dqtB6poj3niw/9gnV4Cjg5oW5gtY=
github.com/ugorji/go/codec v0.0.0-20181204163529-d75b2dcb6bc8/go.mod h1:VFNgLljTbGfSG7qAOspJ7OScBnGdDN/yBr0sguwnwf0=
github.com/xordataexchange/crypt v0.0.3-0.20170626215501-b2862e3d0a77/go.mod h1:aYKd//L2LvnjZzWKhF00oedf4jCCReLcmhLdhm1A27Q=
github.com/yuin/goldmark v1.4.13/go.mod h1:6yULJ656Px+3vBD8DxQVa3kxgyrAnzto9xy5taEt/CY=
go.starlark.net v0.0.0-20230721164632-08598ae210f9 h1:yqYhkJOFDp5pNek8iA/AYiQ33edjkTEWZC2ENAdtMRI=
go.starlark.net v0.0.0-20230721164632-08598ae210f9/go.mod h1:jxU+3+j+71eXOW14274+SmmuW82qJzl6iZSeqEtTGds=
golang.org/x/crypto v0.0.0-20181203042331-505ab145d0a9/go.mod h1:6SG95UA2DQfeDnfUPMdvaQW0Q7yPrPDi9nlGo2tz2b4=
golang.org/x/crypto v0.0.0-20190308221718-c2843e01d9a2/go.mod h1:djNgcEr1/C05ACkg1iLfiJU5Ep61QUkGW8qpdssI0+w=
golang.org/x/crypto v0.0.0-20210921155107-089bfa567519/go.mod h1:GvvjBRRGRdwPK5ydBHafDWAxML/pGHZbMvKqRZ5+Abc=
golang.org/x/crypto v0.9.0 h1:LF6fAI+IutBocDJ2OT0Q1g8plpYljMZ4+lty+dsqw3g=
golang.org/x/crypto v0.9.0/go.mod h1:yrmDGqONDYtNj3tH8X9dzUun2m2lzPa9ngI6/RUPGR0=
golang.org/x/crypto v0.12.0 h1:tFM/ta59kqch6LlvYnPa0yx5a83cL2nHflFhYKvv9Yk=
golang.org/x/crypto v0.12.0/go.mod h1:NF0Gs7EO5K4qLn+Ylc+fih8BSTeIjAP05siRnAh98yw=
golang.org/x/exp v0.0.0-20190121172915-509febef88a4/go.mod h1:CJ0aWSM057203Lf6IL+f9T1iT9GByDxfZKAQTCR3kQA=
golang.org/x/exp v0.0.0-20230725093048-515e97ebf090 h1:Di6/M8l0O2lCLc6VVRWhgCiApHV8MnQurBnFSHsQtNY=
golang.org/x/exp v0.0.0-20230725093048-515e97ebf090/go.mod h1:FXUEEKJgO7OQYeo8N01OfiKP8RXMtf6e8aTskBGqWdc=
golang.org/x/image v0.0.0-20190703141733-d6a02ce849c9/go.mod h1:FeLwcggjj3mMvU+oOTbSwawSJRM1uh48EjtB4UJZlP0=
golang.org/x/image v0.5.0 h1:5JMiNunQeQw++mMOz48/ISeNu3Iweh/JaZU8ZLqHRrI=
golang.org/x/image v0.5.0/go.mod h1:FVC7BI/5Ym8R25iw5OLsgshdUBbT1h5jZTpA+mvAdZ4=
golang.org/x/image v0.11.0 h1:ds2RoQvBvYTiJkwpSFDwCcDFNX7DqjL2WsUgTNk0Ooo=
golang.org/x/image v0.11.0/go.mod h1:bglhjqbqVuEb9e9+eNR45Jfu7D+T4Qan+NhQk8Ck2P8=
golang.org/x/lint v0.0.0-20181026193005-c67002cb31c3/go.mod h1:UVdnD1Gm6xHRNCYTkRU2/jEulfH38KcIWyp/GAMgvoE=
golang.org/x/lint v0.0.0-20190227174305-5b3e6a55c961/go.mod h1:wehouNa3lNwaWXcvxsM5YxQ5yQlVC4a0KAMCusXpPoU=
golang.org/x/lint v0.0.0-20190313153728-d0100b6bd8b3/go.mod h1:6SW0HCj/g11FgYtHlgUYUwCkIfeOF89ocIRzGO/8vkc=
golang.org/x/mod v0.6.0-dev.0.20220419223038-86c51ed26bb4/go.mod h1:jJ57K6gSWd91VN4djpZkiMVwK6gcyfeH4XE8wZrZaV4=
golang.org/x/mod v0.8.0/go.mod h1:iBbtSCu2XBx23ZKBPSOrRkjjQPZFPuis4dIYUhu/chs=
golang.org/x/net v0.0.0-20180724234803-3673e40ba225/go.mod h1:mL1N/T3taQHkDXs73rZJwtUhF3w3ftmwwsq0BUmARs4=
golang.org/x/net v0.0.0-20180826012351-8a410e7b638d/go.mod h1:mL1N/T3taQHkDXs73rZJwtUhF3w3ftmwwsq0BUmARs4=
golang.org/x/net v0.0.0-20190213061140-3a22650c66bd/go.mod h1:mL1N/T3taQHkDXs73rZJwtUhF3w3ftmwwsq0BUmARs4=
golang.org/x/net v0.0.0-20190311183353-d8887717615a/go.mod h1:t9HGtf8HONx5eT2rtn7q6eTqICYqUVnKs3thJo3Qplg=
golang.org/x/net v0.0.0-20190620200207-3b0461eec859/go.mod h1:z5CRVTTTmAJ677TzLLGU+0bjPO0LkuOLi4/5GtJWs/s=
golang.org/x/net v0.0.0-20210226172049-e18ecbb05110/go.mod h1:m0MpNAwzfU5UDzcl9v0D8zg8gWTRqZa9RBIspLL5mdg=
golang.org/x/net v0.0.0-20220722155237-a158d28d115b/go.mod h1:XRhObCWvk6IyKnWLug+ECip1KBveYUHfp+8e9klMJ9c=
golang.org/x/net v0.6.0/go.mod h1:2Tu9+aMcznHK/AK1HMvgo6xiTLG5rD5rZLDS+rp2Bjs=
golang.org/x/oauth2 v0.0.0-20180821212333-d2e6202438be/go.mod h1:N/0e6XlmueqKjAGxoOufVs8QHGRruUQn6yWY3a++T0U=
golang.org/x/sync v0.0.0-20180314180146-1d60e4601c6f/go.mod h1:RxMgew5VJxzue5/jJTE5uejpjVlOe/izrB70Jof72aM=
golang.org/x/sync v0.0.0-20181108010431-42b317875d0f/go.mod h1:RxMgew5VJxzue5/jJTE5uejpjVlOe/izrB70Jof72aM=
golang.org/x/sync v0.0.0-20190423024810-112230192c58/go.mod h1:RxMgew5VJxzue5/jJTE5uejpjVlOe/izrB70Jof72aM=
golang.org/x/sync v0.0.0-20220722155255-886fb9371eb4/go.mod h1:RxMgew5VJxzue5/jJTE5uejpjVlOe/izrB70Jof72aM=
golang.org/x/sync v0.1.0/go.mod h1:RxMgew5VJxzue5/jJTE5uejpjVlOe/izrB70Jof72aM=
golang.org/x/sync v0.3.0 h1:ftCYgMx6zT/asHUrPw8BLLscYtGznsLAnjq5RH9P66E=
golang.org/x/sync v0.3.0/go.mod h1:FU7BRWz2tNW+3quACPkgCx/L+uEAv1htQ0V83Z9Rj+Y=
golang.org/x/sys v0.0.0-20180830151530-49385e6e1522/go.mod h1:STP8DvDyc/dI5b8T5hshtkjS+E42TnysNCUPdjciGhY=
golang.org/x/sys v0.0.0-20181205085412-a5c9d58dba9a/go.mod h1:STP8DvDyc/dI5b8T5hshtkjS+E42TnysNCUPdjciGhY=
golang.org/x/sys v0.0.0-20190215142949-d0b11bdaac8a/go.mod h1:STP8DvDyc/dI5b8T5hshtkjS+E42TnysNCUPdjciGhY=
golang.org/x/sys v0.0.0-20201119102817-f84b799fce68/go.mod h1:h1NjWce9XRLGQEsW7wpKNCjG9DtNlClVuFLEZdDNbEs=
golang.org/x/sys v0.0.0-20210615035016-665e8c7367d1/go.mod h1:oPkhp1MJrh7nUepCBck5+mAzfO9JrbApNNgaTdGDITg=
golang.org/x/sys v0.0.0-20220520151302-bc2c85ada10a/go.mod h1:oPkhp1MJrh7nUepCBck5+mAzfO9JrbApNNgaTdGDITg=
golang.org/x/sys v0.0.0-20220715151400-c0bba94af5f8/go.mod h1:oPkhp1MJrh7nUepCBck5+mAzfO9JrbApNNgaTdGDITg=
golang.org/x/sys v0.0.0-20220722155257-8c9f86f7a55f/go.mod h1:oPkhp1MJrh7nUepCBck5+mAzfO9JrbApNNgaTdGDITg=
golang.org/x/sys v0.0.0-20220811171246-fbc7d0a398ab/go.mod h1:oPkhp1MJrh7nUepCBck5+mAzfO9JrbApNNgaTdGDITg=
golang.org/x/sys v0.5.0/go.mod h1:oPkhp1MJrh7nUepCBck5+mAzfO9JrbApNNgaTdGDITg=
golang.org/x/sys v0.8.0 h1:EBmGv8NaZBZTWvrbjNoL6HVt+IVy3QDQpJs7VRIw3tU=
golang.org/x/sys v0.8.0/go.mod h1:oPkhp1MJrh7nUepCBck5+mAzfO9JrbApNNgaTdGDITg=
golang.org/x/sys v0.11.0 h1:eG7RXZHdqOJ1i+0lgLgCpSXAp6M3LYlAo6osgSi0xOM=
golang.org/x/sys v0.11.0/go.mod h1:oPkhp1MJrh7nUepCBck5+mAzfO9JrbApNNgaTdGDITg=
golang.org/x/term v0.0.0-20201126162022-7de9c90e9dd1/go.mod h1:bj7SfCRtBDWHUb9snDiAeCFNEtKQo2Wmx5Cou7ajbmo=
golang.org/x/term v0.0.0-20210927222741-03fcf44c2211/go.mod h1:jbD1KX2456YbFQfuXm/mYQcufACuNUgVhRMnK/tPxf8=
golang.org/x/term v0.0.0-20220526004731-065cf7ba2467/go.mod h1:jbD1KX2456YbFQfuXm/mYQcufACuNUgVhRMnK/tPxf8=
golang.org/x/term v0.5.0/go.mod h1:jMB1sMXY+tzblOD4FWmEbocvup2/aLOaQEp7JmGp78k=
golang.org/x/text v0.3.0/go.mod h1:NqM8EUOU14njkJ3fqMW+pc6Ldnwhi/IjpwHt7yyuwOQ=
golang.org/x/text v0.3.3/go.mod h1:5Zoc/QRtKVWzQhOtBMvqHzDpF6irO9z98xDceosuGiQ=
golang.org/x/text v0.3.7/go.mod h1:u+2+/6zg+i71rQMx5EYifcz6MCKuco9NR6JIITiCfzQ=
golang.org/x/text v0.7.0/go.mod h1:mrYo+phRRbMaCq/xk9113O4dZlRixOauAjOtrjsXDZ8=
golang.org/x/text v0.9.0 h1:2sjJmO8cDvYveuX97RDLsxlyUxLl+GHoLxBiRdHllBE=
golang.org/x/text v0.9.0/go.mod h1:e1OnstbJyHTd6l/uOt8jFFHp6TRDWZR/bV3emEE/zU8=
golang.org/x/text v0.12.0 h1:k+n5B8goJNdU7hSvEtMUz3d1Q6D/XW4COJSJR6fN0mc=
golang.org/x/text v0.12.0/go.mod h1:TvPlkZtksWOMsz7fbANvkp4WM8x/WCo/om8BMLbz+aE=
golang.org/x/tools v0.0.0-20180917221912-90fa682c2a6e/go.mod h1:n7NCudcB/nEzxVGmLbDWY5pfWTLqBcC2KZ6jyYvM4mQ=
golang.org/x/tools v0.0.0-20190114222345-bf090417da8b/go.mod h1:n7NCudcB/nEzxVGmLbDWY5pfWTLqBcC2KZ6jyYvM4mQ=
golang.org/x/tools v0.0.0-20190226205152-f727befe758c/go.mod h1:9Yl7xja0Znq3iFh3HoIrodX9oNMXvdceNzlUR8zjMvY=
golang.org/x/tools v0.0.0-20190311212946-11955173bddd/go.mod h1:LCzVGOaR6xXOjkQ3onu1FJEFr0SW1gC7cKk1uF8kGRs=
golang.org/x/tools v0.0.0-20190524140312-2c0ae7006135/go.mod h1:RgjU9mgBXZiqYHBnxXauZ1Gv1EHHAz9KjViQ78xBX0Q=
golang.org/x/tools v0.0.0-20191119224855-298f0cb1881e/go.mod h1:b+2E5dAYhXwXZwtnZ6UAqBI28+e2cm9otk0dWdXHAEo=
golang.org/x/tools v0.1.12/go.mod h1:hNGJHUnrk76NpqgfD5Aqm5Crs+Hm0VOH/i9J2+nxYbc=
golang.org/x/tools v0.6.0/go.mod h1:Xwgl3UAJ/d3gWutnCtw505GrjyAbvKui8lOU390QaIU=
golang.org/x/xerrors v0.0.0-20190717185122-a985d3407aa7/go.mod h1:I/5z698sn9Ka8TeJc9MKroUUfqBBauWjQqLJ2OPfmY0=
golang.org/x/xerrors v0.0.0-20191204190536-9bdfabe68543/go.mod h1:I/5z698sn9Ka8TeJc9MKroUUfqBBauWjQqLJ2OPfmY0=
golang.org/x/xerrors v0.0.0-20200804184101-5ec99f83aff1/go.mod h1:I/5z698sn9Ka8TeJc9MKroUUfqBBauWjQqLJ2OPfmY0=
google.golang.org/appengine v1.1.0/go.mod h1:EbEs0AVv82hx2wNQdGPgUI5lhzA/G0D9YwlJXL52JkM=
google.golang.org/appengine v1.4.0/go.mod h1:xpcJRLb0r/rnEns0DIKYYv+WjYCduHsrkT7/EB5XEv4=
google.golang.org/genproto v0.0.0-20180817151627-c66870c02cf8/go.mod h1:JiN7NxoALGmiZfu7CAH4rXhgtRTLTxftemlI0sWmxmc=
google.golang.org/genproto v0.0.0-20190819201941-24fa4b261c55/go.mod h1:DMBHOl98Agz4BDEuKkezgsaosCRResVns1a3J2ZsMNc=
google.golang.org/genproto v0.0.0-20200526211855-cb27e3aa2013/go.mod h1:NbSheEEYHJ7i3ixzK3sjbqSGDJWnxyFXZblF3eUsNvo=
google.golang.org/grpc v1.19.0/go.mod h1:mqu4LbDTu4XGKhr4mRzUsmM4RtVoemTSY81AxZiDr8c=
google.golang.org/grpc v1.23.0/go.mod h1:Y5yQAOtifL1yxbo5wqy6BxZv8vAUGQwXBOALyacEbxg=
google.golang.org/grpc v1.27.0/go.mod h1:qbnxyOmOxrQa7FizSgH+ReBfzJrCY1pSN7KXBS8abTk=
google.golang.org/protobuf v0.0.0-20200109180630-ec00e32a8dfd/go.mod h1:DFci5gLYBciE7Vtevhsrf46CRTquxDuWsQurQQe4oz8=
google.golang.org/protobuf v0.0.0-20200221191635-4d8936d0db64/go.mod h1:kwYJMbMJ01Woi6D6+Kah6886xMZcty6N08ah7+eCXa0=
google.golang.org/protobuf v0.0.0-20200228230310-ab0ca4ff8a60/go.mod h1:cfTl7dwQJ+fmap5saPgwCLgHXTUD7jkjRqWcaiX5VyM=
google.golang.org/protobuf v1.20.1-0.20200309200217-e05f789c0967/go.mod h1:A+miEFZTKqfCUM6K7xSMQL9OKL/b6hQv+e19PK+JZNE=
google.golang.org/protobuf v1.21.0/go.mod h1:47Nbq4nVaFHyn7ilMalzfO3qCViNmqZ2kzikPIcrTAo=
google.golang.org/protobuf v1.22.0/go.mod h1:EGpADcykh3NcUnDUJcl1+ZksZNG86OlYog2l/sGQquU=
google.golang.org/protobuf v1.23.1-0.20200526195155-81db48ad09cc/go.mod h1:EGpADcykh3NcUnDUJcl1+ZksZNG86OlYog2l/sGQquU=
google.golang.org/protobuf v1.25.0 h1:Ejskq+SyPohKW+1uil0JJMtmHCgJPJ/qWTxr8qp+R4c=
google.golang.org/protobuf v1.25.0/go.mod h1:9JNX74DMeImyA3h4bdi1ymwjUzf21/xIlbajtzgsN7c=
gopkg.in/check.v1 v0.0.0-20161208181325-20d25e280405/go.mod h1:Co6ibVJAznAaIkqp8huTwlJQCZ016jof/cbN4VW5Yz0=
gopkg.in/yaml.v2 v2.2.2/go.mod h1:hI93XBmqTisBFMUTm0b8Fm+jr3Dg1NNxqwp+5A1VGuI=
gopkg.in/yaml.v2 v2.2.8 h1:obN1ZagJSUGI0Ek/LBmuj4SNLPfIny3KsKFopxRdj10=
gopkg.in/yaml.v2 v2.2.8/go.mod h1:hI93XBmqTisBFMUTm0b8Fm+jr3Dg1NNxqwp+5A1VGuI=
gopkg.in/yaml.v3 v3.0.0-20200313102051-9f266ea9e77c/go.mod h1:K4uyk7z7BCEPqu6E+C64Yfv1cQ7kz7rIZviUmN+EgEM=
gopkg.in/yaml.v3 v3.0.1 h1:fxVm/GzAzEWqLHuvctI91KS9hhNmmWOoWu0XTYJS7CA=
honnef.co/go/tools v0.0.0-20190102054323-c2f93a96b099/go.mod h1:rf3lG4BRIbNafJWhAfAdb/ePZxsR/4RtNHQocxwk9r4=
honnef.co/go/tools v0.0.0-20190523083050-ea95bdfd59fc/go.mod h1:rf3lG4BRIbNafJWhAfAdb/ePZxsR/4RtNHQocxwk9r4=
